// !$*UTF8*$!
{
	archiveVersion = 1;
	classes = {
	};
	objectVersion = 50;
	objects = {

/* Begin PBXBuildFile section */
		5C62DF3C23867D790049CB76 /* 100Days - Temp conversion WatchKit App.app in Embed Watch Content */ = {isa = PBXBuildFile; fileRef = 5C62DF3B23867D790049CB76 /* 100Days - Temp conversion WatchKit App.app */; settings = {ATTRIBUTES = (RemoveHeadersOnCopy, ); }; };
		5C62DF4223867D790049CB76 /* Interface.storyboard in Resources */ = {isa = PBXBuildFile; fileRef = 5C62DF4023867D790049CB76 /* Interface.storyboard */; };
		5C62DF4423867D7C0049CB76 /* Assets.xcassets in Resources */ = {isa = PBXBuildFile; fileRef = 5C62DF4323867D7C0049CB76 /* Assets.xcassets */; };
		5C62DF4B23867D7C0049CB76 /* 100Days - Temp conversion WatchKit Extension.appex in Embed App Extensions */ = {isa = PBXBuildFile; fileRef = 5C62DF4A23867D7C0049CB76 /* 100Days - Temp conversion WatchKit Extension.appex */; settings = {ATTRIBUTES = (RemoveHeadersOnCopy, ); }; };
		5C62DF5023867D7C0049CB76 /* ContentView.swift in Sources */ = {isa = PBXBuildFile; fileRef = 5C62DF4F23867D7C0049CB76 /* ContentView.swift */; };
		5C62DF5223867D7C0049CB76 /* HostingController.swift in Sources */ = {isa = PBXBuildFile; fileRef = 5C62DF5123867D7C0049CB76 /* HostingController.swift */; };
		5C62DF5423867D7C0049CB76 /* ExtensionDelegate.swift in Sources */ = {isa = PBXBuildFile; fileRef = 5C62DF5323867D7C0049CB76 /* ExtensionDelegate.swift */; };
		5C62DF5623867D7C0049CB76 /* NotificationController.swift in Sources */ = {isa = PBXBuildFile; fileRef = 5C62DF5523867D7C0049CB76 /* NotificationController.swift */; };
		5C62DF5823867D7C0049CB76 /* NotificationView.swift in Sources */ = {isa = PBXBuildFile; fileRef = 5C62DF5723867D7C0049CB76 /* NotificationView.swift */; };
		5C62DF5A23867D7D0049CB76 /* Assets.xcassets in Resources */ = {isa = PBXBuildFile; fileRef = 5C62DF5923867D7D0049CB76 /* Assets.xcassets */; };
		5C62DF5D23867D7D0049CB76 /* Preview Assets.xcassets in Resources */ = {isa = PBXBuildFile; fileRef = 5C62DF5C23867D7D0049CB76 /* Preview Assets.xcassets */; };
		5CFEE0FF2390FE9B0008124C /* ContentFormatting.swift in Sources */ = {isa = PBXBuildFile; fileRef = 5CFEE0FE2390FE9B0008124C /* ContentFormatting.swift */; };
/* End PBXBuildFile section */

/* Begin PBXContainerItemProxy section */
		5C62DF3D23867D790049CB76 /* PBXContainerItemProxy */ = {
			isa = PBXContainerItemProxy;
			containerPortal = 5C62DF3123867D780049CB76 /* Project object */;
			proxyType = 1;
			remoteGlobalIDString = 5C62DF3A23867D790049CB76;
			remoteInfo = "100Days - Temp conversion WatchKit App";
		};
		5C62DF4C23867D7C0049CB76 /* PBXContainerItemProxy */ = {
			isa = PBXContainerItemProxy;
			containerPortal = 5C62DF3123867D780049CB76 /* Project object */;
			proxyType = 1;
			remoteGlobalIDString = 5C62DF4923867D7C0049CB76;
			remoteInfo = "100Days - Temp conversion WatchKit Extension";
		};
/* End PBXContainerItemProxy section */

/* Begin PBXCopyFilesBuildPhase section */
		5C62DF6523867D7D0049CB76 /* Embed App Extensions */ = {
			isa = PBXCopyFilesBuildPhase;
			buildActionMask = 2147483647;
			dstPath = "";
			dstSubfolderSpec = 13;
			files = (
				5C62DF4B23867D7C0049CB76 /* 100Days - Temp conversion WatchKit Extension.appex in Embed App Extensions */,
			);
			name = "Embed App Extensions";
			runOnlyForDeploymentPostprocessing = 0;
		};
		5C62DF6923867D7D0049CB76 /* Embed Watch Content */ = {
			isa = PBXCopyFilesBuildPhase;
			buildActionMask = 2147483647;
			dstPath = "$(CONTENTS_FOLDER_PATH)/Watch";
			dstSubfolderSpec = 16;
			files = (
				5C62DF3C23867D790049CB76 /* 100Days - Temp conversion WatchKit App.app in Embed Watch Content */,
			);
			name = "Embed Watch Content";
			runOnlyForDeploymentPostprocessing = 0;
		};
/* End PBXCopyFilesBuildPhase section */

/* Begin PBXFileReference section */
		5C62DF3723867D780049CB76 /* 100Days - Temp conversion.app */ = {isa = PBXFileReference; explicitFileType = wrapper.application; includeInIndex = 0; path = "100Days - Temp conversion.app"; sourceTree = BUILT_PRODUCTS_DIR; };
		5C62DF3B23867D790049CB76 /* 100Days - Temp conversion WatchKit App.app */ = {isa = PBXFileReference; explicitFileType = wrapper.application; includeInIndex = 0; path = "100Days - Temp conversion WatchKit App.app"; sourceTree = BUILT_PRODUCTS_DIR; };
		5C62DF4123867D790049CB76 /* Base */ = {isa = PBXFileReference; lastKnownFileType = file.storyboard; name = Base; path = Base.lproj/Interface.storyboard; sourceTree = "<group>"; };
		5C62DF4323867D7C0049CB76 /* Assets.xcassets */ = {isa = PBXFileReference; lastKnownFileType = folder.assetcatalog; path = Assets.xcassets; sourceTree = "<group>"; };
		5C62DF4523867D7C0049CB76 /* Info.plist */ = {isa = PBXFileReference; lastKnownFileType = text.plist.xml; path = Info.plist; sourceTree = "<group>"; };
		5C62DF4A23867D7C0049CB76 /* 100Days - Temp conversion WatchKit Extension.appex */ = {isa = PBXFileReference; explicitFileType = "wrapper.app-extension"; includeInIndex = 0; path = "100Days - Temp conversion WatchKit Extension.appex"; sourceTree = BUILT_PRODUCTS_DIR; };
		5C62DF4F23867D7C0049CB76 /* ContentView.swift */ = {isa = PBXFileReference; lastKnownFileType = sourcecode.swift; path = ContentView.swift; sourceTree = "<group>"; usesTabs = 0; };
		5C62DF5123867D7C0049CB76 /* HostingController.swift */ = {isa = PBXFileReference; lastKnownFileType = sourcecode.swift; path = HostingController.swift; sourceTree = "<group>"; };
		5C62DF5323867D7C0049CB76 /* ExtensionDelegate.swift */ = {isa = PBXFileReference; lastKnownFileType = sourcecode.swift; path = ExtensionDelegate.swift; sourceTree = "<group>"; };
		5C62DF5523867D7C0049CB76 /* NotificationController.swift */ = {isa = PBXFileReference; lastKnownFileType = sourcecode.swift; path = NotificationController.swift; sourceTree = "<group>"; };
		5C62DF5723867D7C0049CB76 /* NotificationView.swift */ = {isa = PBXFileReference; lastKnownFileType = sourcecode.swift; path = NotificationView.swift; sourceTree = "<group>"; };
		5C62DF5923867D7D0049CB76 /* Assets.xcassets */ = {isa = PBXFileReference; lastKnownFileType = folder.assetcatalog; path = Assets.xcassets; sourceTree = "<group>"; };
		5C62DF5C23867D7D0049CB76 /* Preview Assets.xcassets */ = {isa = PBXFileReference; lastKnownFileType = folder.assetcatalog; path = "Preview Assets.xcassets"; sourceTree = "<group>"; };
		5C62DF5E23867D7D0049CB76 /* Info.plist */ = {isa = PBXFileReference; lastKnownFileType = text.plist.xml; path = Info.plist; sourceTree = "<group>"; };
		5C62DF5F23867D7D0049CB76 /* PushNotificationPayload.apns */ = {isa = PBXFileReference; lastKnownFileType = text; path = PushNotificationPayload.apns; sourceTree = "<group>"; };
		5CFEE0FE2390FE9B0008124C /* ContentFormatting.swift */ = {isa = PBXFileReference; lastKnownFileType = sourcecode.swift; path = ContentFormatting.swift; sourceTree = "<group>"; };
		5CFEE1002390FF1A0008124C /* ScratchDisk */ = {isa = PBXFileReference; lastKnownFileType = text; path = ScratchDisk; sourceTree = "<group>"; };
/* End PBXFileReference section */

/* Begin PBXFrameworksBuildPhase section */
		5C62DF4723867D7C0049CB76 /* Frameworks */ = {
			isa = PBXFrameworksBuildPhase;
			buildActionMask = 2147483647;
			files = (
			);
			runOnlyForDeploymentPostprocessing = 0;
		};
/* End PBXFrameworksBuildPhase section */

/* Begin PBXGroup section */
		5C62DF3023867D780049CB76 = {
			isa = PBXGroup;
			children = (
				5C62DF3F23867D790049CB76 /* 100Days - Temp conversion WatchKit App */,
				5C62DF4E23867D7C0049CB76 /* 100Days - Temp conversion WatchKit Extension */,
				5C62DF3823867D780049CB76 /* Products */,
			);
			sourceTree = "<group>";
		};
		5C62DF3823867D780049CB76 /* Products */ = {
			isa = PBXGroup;
			children = (
				5C62DF3723867D780049CB76 /* 100Days - Temp conversion.app */,
				5C62DF3B23867D790049CB76 /* 100Days - Temp conversion WatchKit App.app */,
				5C62DF4A23867D7C0049CB76 /* 100Days - Temp conversion WatchKit Extension.appex */,
			);
			name = Products;
			sourceTree = "<group>";
		};
		5C62DF3F23867D790049CB76 /* 100Days - Temp conversion WatchKit App */ = {
			isa = PBXGroup;
			children = (
				5C62DF4023867D790049CB76 /* Interface.storyboard */,
				5C62DF4323867D7C0049CB76 /* Assets.xcassets */,
				5C62DF4523867D7C0049CB76 /* Info.plist */,
			);
			path = "100Days - Temp conversion WatchKit App";
			sourceTree = "<group>";
		};
		5C62DF4E23867D7C0049CB76 /* 100Days - Temp conversion WatchKit Extension */ = {
			isa = PBXGroup;
			children = (
				5C62DF4F23867D7C0049CB76 /* ContentView.swift */,
				5CFEE1002390FF1A0008124C /* ScratchDisk */,
				5CFEE0FE2390FE9B0008124C /* ContentFormatting.swift */,
				5C62DF5123867D7C0049CB76 /* HostingController.swift */,
				5C62DF5323867D7C0049CB76 /* ExtensionDelegate.swift */,
				5C62DF5523867D7C0049CB76 /* NotificationController.swift */,
				5C62DF5723867D7C0049CB76 /* NotificationView.swift */,
				5C62DF5923867D7D0049CB76 /* Assets.xcassets */,
				5C62DF5E23867D7D0049CB76 /* Info.plist */,
				5C62DF5F23867D7D0049CB76 /* PushNotificationPayload.apns */,
				5C62DF5B23867D7D0049CB76 /* Preview Content */,
			);
			path = "100Days - Temp conversion WatchKit Extension";
			sourceTree = "<group>";
		};
		5C62DF5B23867D7D0049CB76 /* Preview Content */ = {
			isa = PBXGroup;
			children = (
				5C62DF5C23867D7D0049CB76 /* Preview Assets.xcassets */,
			);
			path = "Preview Content";
			sourceTree = "<group>";
		};
/* End PBXGroup section */

/* Begin PBXNativeTarget section */
		5C62DF3623867D780049CB76 /* 100Days - Temp conversion */ = {
			isa = PBXNativeTarget;
			buildConfigurationList = 5C62DF6A23867D7D0049CB76 /* Build configuration list for PBXNativeTarget "100Days - Temp conversion" */;
			buildPhases = (
				5C62DF3523867D780049CB76 /* Resources */,
				5C62DF6923867D7D0049CB76 /* Embed Watch Content */,
			);
			buildRules = (
			);
			dependencies = (
				5C62DF3E23867D790049CB76 /* PBXTargetDependency */,
			);
			name = "100Days - Temp conversion";
			productName = "100Days - Temp conversion";
			productReference = 5C62DF3723867D780049CB76 /* 100Days - Temp conversion.app */;
			productType = "com.apple.product-type.application.watchapp2-container";
		};
		5C62DF3A23867D790049CB76 /* 100Days - Temp conversion WatchKit App */ = {
			isa = PBXNativeTarget;
			buildConfigurationList = 5C62DF6623867D7D0049CB76 /* Build configuration list for PBXNativeTarget "100Days - Temp conversion WatchKit App" */;
			buildPhases = (
				5C62DF3923867D790049CB76 /* Resources */,
				5C62DF6523867D7D0049CB76 /* Embed App Extensions */,
			);
			buildRules = (
			);
			dependencies = (
				5C62DF4D23867D7C0049CB76 /* PBXTargetDependency */,
			);
			name = "100Days - Temp conversion WatchKit App";
			productName = "100Days - Temp conversion WatchKit App";
			productReference = 5C62DF3B23867D790049CB76 /* 100Days - Temp conversion WatchKit App.app */;
			productType = "com.apple.product-type.application.watchapp2";
		};
		5C62DF4923867D7C0049CB76 /* 100Days - Temp conversion WatchKit Extension */ = {
			isa = PBXNativeTarget;
			buildConfigurationList = 5C62DF6223867D7D0049CB76 /* Build configuration list for PBXNativeTarget "100Days - Temp conversion WatchKit Extension" */;
			buildPhases = (
				5C62DF4623867D7C0049CB76 /* Sources */,
				5C62DF4723867D7C0049CB76 /* Frameworks */,
				5C62DF4823867D7C0049CB76 /* Resources */,
			);
			buildRules = (
			);
			dependencies = (
			);
			name = "100Days - Temp conversion WatchKit Extension";
			productName = "100Days - Temp conversion WatchKit Extension";
			productReference = 5C62DF4A23867D7C0049CB76 /* 100Days - Temp conversion WatchKit Extension.appex */;
			productType = "com.apple.product-type.watchkit2-extension";
		};
/* End PBXNativeTarget section */

/* Begin PBXProject section */
		5C62DF3123867D780049CB76 /* Project object */ = {
			isa = PBXProject;
			attributes = {
				LastSwiftUpdateCheck = 1120;
				LastUpgradeCheck = 1120;
				ORGANIZATIONNAME = "Anders Munck";
				TargetAttributes = {
					5C62DF3623867D780049CB76 = {
						CreatedOnToolsVersion = 11.2.1;
					};
					5C62DF3A23867D790049CB76 = {
						CreatedOnToolsVersion = 11.2.1;
					};
					5C62DF4923867D7C0049CB76 = {
						CreatedOnToolsVersion = 11.2.1;
					};
				};
			};
			buildConfigurationList = 5C62DF3423867D780049CB76 /* Build configuration list for PBXProject "100Days - Temp conversion" */;
			compatibilityVersion = "Xcode 9.3";
			developmentRegion = en;
			hasScannedForEncodings = 0;
			knownRegions = (
				en,
				Base,
			);
			mainGroup = 5C62DF3023867D780049CB76;
			productRefGroup = 5C62DF3823867D780049CB76 /* Products */;
			projectDirPath = "";
			projectRoot = "";
			targets = (
				5C62DF3623867D780049CB76 /* 100Days - Temp conversion */,
				5C62DF3A23867D790049CB76 /* 100Days - Temp conversion WatchKit App */,
				5C62DF4923867D7C0049CB76 /* 100Days - Temp conversion WatchKit Extension */,
			);
		};
/* End PBXProject section */

/* Begin PBXResourcesBuildPhase section */
		5C62DF3523867D780049CB76 /* Resources */ = {
			isa = PBXResourcesBuildPhase;
			buildActionMask = 2147483647;
			files = (
			);
			runOnlyForDeploymentPostprocessing = 0;
		};
		5C62DF3923867D790049CB76 /* Resources */ = {
			isa = PBXResourcesBuildPhase;
			buildActionMask = 2147483647;
			files = (
				5C62DF4423867D7C0049CB76 /* Assets.xcassets in Resources */,
				5C62DF4223867D790049CB76 /* Interface.storyboard in Resources */,
			);
			runOnlyForDeploymentPostprocessing = 0;
		};
		5C62DF4823867D7C0049CB76 /* Resources */ = {
			isa = PBXResourcesBuildPhase;
			buildActionMask = 2147483647;
			files = (
				5C62DF5D23867D7D0049CB76 /* Preview Assets.xcassets in Resources */,
				5C62DF5A23867D7D0049CB76 /* Assets.xcassets in Resources */,
			);
			runOnlyForDeploymentPostprocessing = 0;
		};
/* End PBXResourcesBuildPhase section */

/* Begin PBXSourcesBuildPhase section */
		5C62DF4623867D7C0049CB76 /* Sources */ = {
			isa = PBXSourcesBuildPhase;
			buildActionMask = 2147483647;
			files = (
				5C62DF5223867D7C0049CB76 /* HostingController.swift in Sources */,
				5C62DF5023867D7C0049CB76 /* ContentView.swift in Sources */,
				5CFEE0FF2390FE9B0008124C /* ContentFormatting.swift in Sources */,
				5C62DF5623867D7C0049CB76 /* NotificationController.swift in Sources */,
				5C62DF5423867D7C0049CB76 /* ExtensionDelegate.swift in Sources */,
				5C62DF5823867D7C0049CB76 /* NotificationView.swift in Sources */,
			);
			runOnlyForDeploymentPostprocessing = 0;
		};
/* End PBXSourcesBuildPhase section */

/* Begin PBXTargetDependency section */
		5C62DF3E23867D790049CB76 /* PBXTargetDependency */ = {
			isa = PBXTargetDependency;
			target = 5C62DF3A23867D790049CB76 /* 100Days - Temp conversion WatchKit App */;
			targetProxy = 5C62DF3D23867D790049CB76 /* PBXContainerItemProxy */;
		};
		5C62DF4D23867D7C0049CB76 /* PBXTargetDependency */ = {
			isa = PBXTargetDependency;
			target = 5C62DF4923867D7C0049CB76 /* 100Days - Temp conversion WatchKit Extension */;
			targetProxy = 5C62DF4C23867D7C0049CB76 /* PBXContainerItemProxy */;
		};
/* End PBXTargetDependency section */

/* Begin PBXVariantGroup section */
		5C62DF4023867D790049CB76 /* Interface.storyboard */ = {
			isa = PBXVariantGroup;
			children = (
				5C62DF4123867D790049CB76 /* Base */,
			);
			name = Interface.storyboard;
			sourceTree = "<group>";
		};
/* End PBXVariantGroup section */

/* Begin XCBuildConfiguration section */
		5C62DF6023867D7D0049CB76 /* Debug */ = {
			isa = XCBuildConfiguration;
			buildSettings = {
				ALWAYS_SEARCH_USER_PATHS = NO;
				CLANG_ANALYZER_NONNULL = YES;
				CLANG_ANALYZER_NUMBER_OBJECT_CONVERSION = YES_AGGRESSIVE;
				CLANG_CXX_LANGUAGE_STANDARD = "gnu++14";
				CLANG_CXX_LIBRARY = "libc++";
				CLANG_ENABLE_MODULES = YES;
				CLANG_ENABLE_OBJC_ARC = YES;
				CLANG_ENABLE_OBJC_WEAK = YES;
				CLANG_WARN_BLOCK_CAPTURE_AUTORELEASING = YES;
				CLANG_WARN_BOOL_CONVERSION = YES;
				CLANG_WARN_COMMA = YES;
				CLANG_WARN_CONSTANT_CONVERSION = YES;
				CLANG_WARN_DEPRECATED_OBJC_IMPLEMENTATIONS = YES;
				CLANG_WARN_DIRECT_OBJC_ISA_USAGE = YES_ERROR;
				CLANG_WARN_DOCUMENTATION_COMMENTS = YES;
				CLANG_WARN_EMPTY_BODY = YES;
				CLANG_WARN_ENUM_CONVERSION = YES;
				CLANG_WARN_INFINITE_RECURSION = YES;
				CLANG_WARN_INT_CONVERSION = YES;
				CLANG_WARN_NON_LITERAL_NULL_CONVERSION = YES;
				CLANG_WARN_OBJC_IMPLICIT_RETAIN_SELF = YES;
				CLANG_WARN_OBJC_LITERAL_CONVERSION = YES;
				CLANG_WARN_OBJC_ROOT_CLASS = YES_ERROR;
				CLANG_WARN_RANGE_LOOP_ANALYSIS = YES;
				CLANG_WARN_STRICT_PROTOTYPES = YES;
				CLANG_WARN_SUSPICIOUS_MOVE = YES;
				CLANG_WARN_UNGUARDED_AVAILABILITY = YES_AGGRESSIVE;
				CLANG_WARN_UNREACHABLE_CODE = YES;
				CLANG_WARN__DUPLICATE_METHOD_MATCH = YES;
				COPY_PHASE_STRIP = NO;
				DEBUG_INFORMATION_FORMAT = dwarf;
				ENABLE_STRICT_OBJC_MSGSEND = YES;
				ENABLE_TESTABILITY = YES;
				GCC_C_LANGUAGE_STANDARD = gnu11;
				GCC_DYNAMIC_NO_PIC = NO;
				GCC_NO_COMMON_BLOCKS = YES;
				GCC_OPTIMIZATION_LEVEL = 0;
				GCC_PREPROCESSOR_DEFINITIONS = (
					"DEBUG=1",
					"$(inherited)",
				);
				GCC_WARN_64_TO_32_BIT_CONVERSION = YES;
				GCC_WARN_ABOUT_RETURN_TYPE = YES_ERROR;
				GCC_WARN_UNDECLARED_SELECTOR = YES;
				GCC_WARN_UNINITIALIZED_AUTOS = YES_AGGRESSIVE;
				GCC_WARN_UNUSED_FUNCTION = YES;
				GCC_WARN_UNUSED_VARIABLE = YES;
				MTL_ENABLE_DEBUG_INFO = INCLUDE_SOURCE;
				MTL_FAST_MATH = YES;
				ONLY_ACTIVE_ARCH = YES;
				SDKROOT = iphoneos;
				SWIFT_ACTIVE_COMPILATION_CONDITIONS = DEBUG;
				SWIFT_OPTIMIZATION_LEVEL = "-Onone";
			};
			name = Debug;
		};
		5C62DF6123867D7D0049CB76 /* Release */ = {
			isa = XCBuildConfiguration;
			buildSettings = {
				ALWAYS_SEARCH_USER_PATHS = NO;
				CLANG_ANALYZER_NONNULL = YES;
				CLANG_ANALYZER_NUMBER_OBJECT_CONVERSION = YES_AGGRESSIVE;
				CLANG_CXX_LANGUAGE_STANDARD = "gnu++14";
				CLANG_CXX_LIBRARY = "libc++";
				CLANG_ENABLE_MODULES = YES;
				CLANG_ENABLE_OBJC_ARC = YES;
				CLANG_ENABLE_OBJC_WEAK = YES;
				CLANG_WARN_BLOCK_CAPTURE_AUTORELEASING = YES;
				CLANG_WARN_BOOL_CONVERSION = YES;
				CLANG_WARN_COMMA = YES;
				CLANG_WARN_CONSTANT_CONVERSION = YES;
				CLANG_WARN_DEPRECATED_OBJC_IMPLEMENTATIONS = YES;
				CLANG_WARN_DIRECT_OBJC_ISA_USAGE = YES_ERROR;
				CLANG_WARN_DOCUMENTATION_COMMENTS = YES;
				CLANG_WARN_EMPTY_BODY = YES;
				CLANG_WARN_ENUM_CONVERSION = YES;
				CLANG_WARN_INFINITE_RECURSION = YES;
				CLANG_WARN_INT_CONVERSION = YES;
				CLANG_WARN_NON_LITERAL_NULL_CONVERSION = YES;
				CLANG_WARN_OBJC_IMPLICIT_RETAIN_SELF = YES;
				CLANG_WARN_OBJC_LITERAL_CONVERSION = YES;
				CLANG_WARN_OBJC_ROOT_CLASS = YES_ERROR;
				CLANG_WARN_RANGE_LOOP_ANALYSIS = YES;
				CLANG_WARN_STRICT_PROTOTYPES = YES;
				CLANG_WARN_SUSPICIOUS_MOVE = YES;
				CLANG_WARN_UNGUARDED_AVAILABILITY = YES_AGGRESSIVE;
				CLANG_WARN_UNREACHABLE_CODE = YES;
				CLANG_WARN__DUPLICATE_METHOD_MATCH = YES;
				COPY_PHASE_STRIP = NO;
				DEBUG_INFORMATION_FORMAT = "dwarf-with-dsym";
				ENABLE_NS_ASSERTIONS = NO;
				ENABLE_STRICT_OBJC_MSGSEND = YES;
				GCC_C_LANGUAGE_STANDARD = gnu11;
				GCC_NO_COMMON_BLOCKS = YES;
				GCC_WARN_64_TO_32_BIT_CONVERSION = YES;
				GCC_WARN_ABOUT_RETURN_TYPE = YES_ERROR;
				GCC_WARN_UNDECLARED_SELECTOR = YES;
				GCC_WARN_UNINITIALIZED_AUTOS = YES_AGGRESSIVE;
				GCC_WARN_UNUSED_FUNCTION = YES;
				GCC_WARN_UNUSED_VARIABLE = YES;
				MTL_ENABLE_DEBUG_INFO = NO;
				MTL_FAST_MATH = YES;
				SDKROOT = iphoneos;
				SWIFT_COMPILATION_MODE = wholemodule;
				SWIFT_OPTIMIZATION_LEVEL = "-O";
				VALIDATE_PRODUCT = YES;
			};
			name = Release;
		};
		5C62DF6323867D7D0049CB76 /* Debug */ = {
			isa = XCBuildConfiguration;
			buildSettings = {
				ASSETCATALOG_COMPILER_COMPLICATION_NAME = Complication;
				CODE_SIGN_STYLE = Automatic;
				DEVELOPMENT_ASSET_PATHS = "\"100Days - Temp conversion WatchKit Extension/Preview Content\"";
				DEVELOPMENT_TEAM = 3JMZLMZVTS;
				ENABLE_PREVIEWS = YES;
				INFOPLIST_FILE = "100Days - Temp conversion WatchKit Extension/Info.plist";
				LD_RUNPATH_SEARCH_PATHS = (
					"$(inherited)",
					"@executable_path/Frameworks",
					"@executable_path/../../Frameworks",
				);
				PRODUCT_BUNDLE_IDENTIFIER = "com.lmunck.-00Days---Temp-conversion.watchkitapp.watchkitextension";
				PRODUCT_NAME = "${TARGET_NAME}";
				SDKROOT = watchos;
				SKIP_INSTALL = YES;
				SWIFT_VERSION = 5.0;
				TARGETED_DEVICE_FAMILY = 4;
				WATCHOS_DEPLOYMENT_TARGET = 6.1;
			};
			name = Debug;
		};
		5C62DF6423867D7D0049CB76 /* Release */ = {
			isa = XCBuildConfiguration;
			buildSettings = {
				ASSETCATALOG_COMPILER_COMPLICATION_NAME = Complication;
				CODE_SIGN_STYLE = Automatic;
				DEVELOPMENT_ASSET_PATHS = "\"100Days - Temp conversion WatchKit Extension/Preview Content\"";
				DEVELOPMENT_TEAM = 3JMZLMZVTS;
				ENABLE_PREVIEWS = YES;
				INFOPLIST_FILE = "100Days - Temp conversion WatchKit Extension/Info.plist";
				LD_RUNPATH_SEARCH_PATHS = (
					"$(inherited)",
					"@executable_path/Frameworks",
					"@executable_path/../../Frameworks",
				);
				PRODUCT_BUNDLE_IDENTIFIER = "com.lmunck.-00Days---Temp-conversion.watchkitapp.watchkitextension";
				PRODUCT_NAME = "${TARGET_NAME}";
				SDKROOT = watchos;
				SKIP_INSTALL = YES;
				SWIFT_VERSION = 5.0;
				TARGETED_DEVICE_FAMILY = 4;
				WATCHOS_DEPLOYMENT_TARGET = 6.1;
			};
			name = Release;
		};
		5C62DF6723867D7D0049CB76 /* Debug */ = {
			isa = XCBuildConfiguration;
			buildSettings = {
				ALWAYS_EMBED_SWIFT_STANDARD_LIBRARIES = YES;
				ASSETCATALOG_COMPILER_APPICON_NAME = AppIcon;
				CODE_SIGN_STYLE = Automatic;
				DEVELOPMENT_TEAM = 3JMZLMZVTS;
				IBSC_MODULE = "_00Days___Temp_conversion_WatchKit_Extension";
				INFOPLIST_FILE = "100Days - Temp conversion WatchKit App/Info.plist";
				PRODUCT_BUNDLE_IDENTIFIER = "com.lmunck.-00Days---Temp-conversion.watchkitapp";
				PRODUCT_NAME = "$(TARGET_NAME)";
				SDKROOT = watchos;
				SKIP_INSTALL = YES;
				SWIFT_VERSION = 5.0;
				TARGETED_DEVICE_FAMILY = 4;
				WATCHOS_DEPLOYMENT_TARGET = 6.1;
			};
			name = Debug;
		};
		5C62DF6823867D7D0049CB76 /* Release */ = {
			isa = XCBuildConfiguration;
			buildSettings = {
				ALWAYS_EMBED_SWIFT_STANDARD_LIBRARIES = YES;
				ASSETCATALOG_COMPILER_APPICON_NAME = AppIcon;
				CODE_SIGN_STYLE = Automatic;
				DEVELOPMENT_TEAM = 3JMZLMZVTS;
				IBSC_MODULE = "_00Days___Temp_conversion_WatchKit_Extension";
				INFOPLIST_FILE = "100Days - Temp conversion WatchKit App/Info.plist";
				PRODUCT_BUNDLE_IDENTIFIER = "com.lmunck.-00Days---Temp-conversion.watchkitapp";
				PRODUCT_NAME = "$(TARGET_NAME)";
				SDKROOT = watchos;
				SKIP_INSTALL = YES;
				SWIFT_VERSION = 5.0;
				TARGETED_DEVICE_FAMILY = 4;
				WATCHOS_DEPLOYMENT_TARGET = 6.1;
			};
			name = Release;
		};
		5C62DF6B23867D7D0049CB76 /* Debug */ = {
			isa = XCBuildConfiguration;
			buildSettings = {
				CODE_SIGN_STYLE = Automatic;
				CURRENT_PROJECT_VERSION = 1;
				DEVELOPMENT_TEAM = 3JMZLMZVTS;
				MARKETING_VERSION = 1.0;
				PRODUCT_BUNDLE_IDENTIFIER = "com.lmunck.-00Days---Temp-conversion";
				PRODUCT_NAME = "$(TARGET_NAME)";
				SWIFT_VERSION = 5.0;
			};
			name = Debug;
		};
		5C62DF6C23867D7D0049CB76 /* Release */ = {
			isa = XCBuildConfiguration;
			buildSettings = {
				CODE_SIGN_STYLE = Automatic;
				CURRENT_PROJECT_VERSION = 1;
				DEVELOPMENT_TEAM = 3JMZLMZVTS;
				MARKETING_VERSION = 1.0;
				PRODUCT_BUNDLE_IDENTIFIER = "com.lmunck.-00Days---Temp-conversion";
				PRODUCT_NAME = "$(TARGET_NAME)";
				SWIFT_VERSION = 5.0;
			};
			name = Release;
		};
/* End XCBuildConfiguration section */

/* Begin XCConfigurationList section */
		5C62DF3423867D780049CB76 /* Build configuration list for PBXProject "100Days - Temp conversion" */ = {
			isa = XCConfigurationList;
			buildConfigurations = (
				5C62DF6023867D7D0049CB76 /* Debug */,
				5C62DF6123867D7D0049CB76 /* Release */,
			);
			defaultConfigurationIsVisible = 0;
			defaultConfigurationName = Release;
		};
		5C62DF6223867D7D0049CB76 /* Build configuration list for PBXNativeTarget "100Days - Temp conversion WatchKit Extension" */ = {
			isa = XCConfigurationList;
			buildConfigurations = (
				5C62DF6323867D7D0049CB76 /* Debug */,
				5C62DF6423867D7D0049CB76 /* Release */,
			);
			defaultConfigurationIsVisible = 0;
			defaultConfigurationName = Release;
		};
		5C62DF6623867D7D0049CB76 /* Build configuration list for PBXNativeTarget "100Days - Temp conversion WatchKit App" */ = {
			isa = XCConfigurationList;
			buildConfigurations = (
				5C62DF6723867D7D0049CB76 /* Debug */,
				5C62DF6823867D7D0049CB76 /* Release */,
			);
			defaultConfigurationIsVisible = 0;
			defaultConfigurationName = Release;
		};
		5C62DF6A23867D7D0049CB76 /* Build configuration list for PBXNativeTarget "100Days - Temp conversion" */ = {
			isa = XCConfigurationList;
			buildConfigurations = (
				5C62DF6B23867D7D0049CB76 /* Debug */,
				5C62DF6C23867D7D0049CB76 /* Release */,
			);
			defaultConfigurationIsVisible = 0;
			defaultConfigurationName = Release;
		};
/* End XCConfigurationList section */
	};
	rootObject = 5C62DF3123867D780049CB76 /* Project object */;
}
